
Microsoft Visual Studio Solution File, Format Version 12.00
# Visual Studio Version 16
VisualStudioVersion = 16.0.30204.135
MinimumVisualStudioVersion = 10.0.40219.1
Project("{FAE04EC0-301F-11D3-BF4B-00C04F79EFBC}") = "Day02", "Day02\Day02.csproj", "{E6285D02-F1A4-4807-969B-8D465A15DE03}"
EndProject
Project("{9A19103F-16F7-4668-BE54-9A1E7A4F7556}") = "Day01", "Day01\Day01.csproj", "{7E51D104-09F4-4C03-A114-572167B47EE1}"
EndProject
Global
	GlobalSection(SolutionConfigurationPlatforms) = preSolution
		Debug|Any CPU = Debug|Any CPU
		Release|Any CPU = Release|Any CPU
	EndGlobalSection
	GlobalSection(ProjectConfigurationPlatforms) = postSolution
		{E6285D02-F1A4-4807-969B-8D465A15DE03}.Debug|Any CPU.ActiveCfg = Debug|Any CPU
		{E6285D02-F1A4-4807-969B-8D465A15DE03}.Debug|Any CPU.Build.0 = Debug|Any CPU
		{E6285D02-F1A4-4807-969B-8D465A15DE03}.Release|Any CPU.ActiveCfg = Release|Any CPU
		{E6285D02-F1A4-4807-969B-8D465A15DE03}.Release|Any CPU.Build.0 = Release|Any CPU
		{7E51D104-09F4-4C03-A114-572167B47EE1}.Debug|Any CPU.ActiveCfg = Debug|Any CPU
		{7E51D104-09F4-4C03-A114-572167B47EE1}.Debug|Any CPU.Build.0 = Debug|Any CPU
		{7E51D104-09F4-4C03-A114-572167B47EE1}.Release|Any CPU.ActiveCfg = Release|Any CPU
		{7E51D104-09F4-4C03-A114-572167B47EE1}.Release|Any CPU.Build.0 = Release|Any CPU
	EndGlobalSection
	GlobalSection(SolutionProperties) = preSolution
		HideSolutionNode = FALSE
	EndGlobalSection
	GlobalSection(ExtensibilityGlobals) = postSolution
		SolutionGuid = {DD24877B-67D7-4B31-90E1-CC6348CFC174}
	EndGlobalSection
EndGlobal
