
Microsoft Visual Studio Solution File, Format Version 12.00
# Visual Studio Version 16
VisualStudioVersion = 16.0.30204.135
MinimumVisualStudioVersion = 10.0.40219.1
Project("{9A19103F-16F7-4668-BE54-9A1E7A4F7556}") = "Day02", "Day02\Day02.csproj", "{E6285D02-F1A4-4807-969B-8D465A15DE03}"
EndProject
Project("{9A19103F-16F7-4668-BE54-9A1E7A4F7556}") = "Day01", "Day01\Day01.csproj", "{7E51D104-09F4-4C03-A114-572167B47EE1}"
EndProject
Project("{9A19103F-16F7-4668-BE54-9A1E7A4F7556}") = "Day03", "Day03\Day03.csproj", "{456A69EB-D9F8-49D8-B83B-1B0F2585CD63}"
EndProject
Project("{9A19103F-16F7-4668-BE54-9A1E7A4F7556}") = "Day04", "Day04\Day04.csproj", "{47A6BDAB-0815-461F-9460-7192274F8281}"
EndProject
Project("{9A19103F-16F7-4668-BE54-9A1E7A4F7556}") = "Day05", "Day05\Day05.csproj", "{F4BA790B-AAAF-4496-9A87-5FD2258A7AEC}"
EndProject
Project("{9A19103F-16F7-4668-BE54-9A1E7A4F7556}") = "Day06", "Day06\Day06.csproj", "{F81AA606-C129-4EFA-976D-328FA41AFF99}"
EndProject
Project("{9A19103F-16F7-4668-BE54-9A1E7A4F7556}") = "Day07", "Day07\Day07.csproj", "{33742C3E-6113-40C1-A337-01FFA5ECF8F4}"
EndProject
Project("{9A19103F-16F7-4668-BE54-9A1E7A4F7556}") = "Day08", "Day08\Day08.csproj", "{A15F8745-0869-4FFE-A810-6DCA404DD545}"
EndProject
Project("{9A19103F-16F7-4668-BE54-9A1E7A4F7556}") = "Day09", "Day09\Day09.csproj", "{64B07DFC-C623-4594-8AD5-29619BEEB4A6}"
EndProject
Project("{FAE04EC0-301F-11D3-BF4B-00C04F79EFBC}") = "Day10", "Day10\Day10.csproj", "{1AF94A5B-68EF-4366-BE49-D7FC82B45947}"
EndProject
Global
	GlobalSection(SolutionConfigurationPlatforms) = preSolution
		Debug|Any CPU = Debug|Any CPU
		Release|Any CPU = Release|Any CPU
	EndGlobalSection
	GlobalSection(ProjectConfigurationPlatforms) = postSolution
		{E6285D02-F1A4-4807-969B-8D465A15DE03}.Debug|Any CPU.ActiveCfg = Debug|Any CPU
		{E6285D02-F1A4-4807-969B-8D465A15DE03}.Debug|Any CPU.Build.0 = Debug|Any CPU
		{E6285D02-F1A4-4807-969B-8D465A15DE03}.Release|Any CPU.ActiveCfg = Release|Any CPU
		{E6285D02-F1A4-4807-969B-8D465A15DE03}.Release|Any CPU.Build.0 = Release|Any CPU
		{7E51D104-09F4-4C03-A114-572167B47EE1}.Debug|Any CPU.ActiveCfg = Debug|Any CPU
		{7E51D104-09F4-4C03-A114-572167B47EE1}.Debug|Any CPU.Build.0 = Debug|Any CPU
		{7E51D104-09F4-4C03-A114-572167B47EE1}.Release|Any CPU.ActiveCfg = Release|Any CPU
		{7E51D104-09F4-4C03-A114-572167B47EE1}.Release|Any CPU.Build.0 = Release|Any CPU
		{456A69EB-D9F8-49D8-B83B-1B0F2585CD63}.Debug|Any CPU.ActiveCfg = Debug|Any CPU
		{456A69EB-D9F8-49D8-B83B-1B0F2585CD63}.Debug|Any CPU.Build.0 = Debug|Any CPU
		{456A69EB-D9F8-49D8-B83B-1B0F2585CD63}.Release|Any CPU.ActiveCfg = Release|Any CPU
		{456A69EB-D9F8-49D8-B83B-1B0F2585CD63}.Release|Any CPU.Build.0 = Release|Any CPU
		{47A6BDAB-0815-461F-9460-7192274F8281}.Debug|Any CPU.ActiveCfg = Debug|Any CPU
		{47A6BDAB-0815-461F-9460-7192274F8281}.Debug|Any CPU.Build.0 = Debug|Any CPU
		{47A6BDAB-0815-461F-9460-7192274F8281}.Release|Any CPU.ActiveCfg = Release|Any CPU
		{47A6BDAB-0815-461F-9460-7192274F8281}.Release|Any CPU.Build.0 = Release|Any CPU
		{F4BA790B-AAAF-4496-9A87-5FD2258A7AEC}.Debug|Any CPU.ActiveCfg = Debug|Any CPU
		{F4BA790B-AAAF-4496-9A87-5FD2258A7AEC}.Debug|Any CPU.Build.0 = Debug|Any CPU
		{F4BA790B-AAAF-4496-9A87-5FD2258A7AEC}.Release|Any CPU.ActiveCfg = Release|Any CPU
		{F4BA790B-AAAF-4496-9A87-5FD2258A7AEC}.Release|Any CPU.Build.0 = Release|Any CPU
		{F81AA606-C129-4EFA-976D-328FA41AFF99}.Debug|Any CPU.ActiveCfg = Debug|Any CPU
		{F81AA606-C129-4EFA-976D-328FA41AFF99}.Debug|Any CPU.Build.0 = Debug|Any CPU
		{F81AA606-C129-4EFA-976D-328FA41AFF99}.Release|Any CPU.ActiveCfg = Release|Any CPU
		{F81AA606-C129-4EFA-976D-328FA41AFF99}.Release|Any CPU.Build.0 = Release|Any CPU
		{33742C3E-6113-40C1-A337-01FFA5ECF8F4}.Debug|Any CPU.ActiveCfg = Debug|Any CPU
		{33742C3E-6113-40C1-A337-01FFA5ECF8F4}.Debug|Any CPU.Build.0 = Debug|Any CPU
		{33742C3E-6113-40C1-A337-01FFA5ECF8F4}.Release|Any CPU.ActiveCfg = Release|Any CPU
		{33742C3E-6113-40C1-A337-01FFA5ECF8F4}.Release|Any CPU.Build.0 = Release|Any CPU
		{A15F8745-0869-4FFE-A810-6DCA404DD545}.Debug|Any CPU.ActiveCfg = Debug|Any CPU
		{A15F8745-0869-4FFE-A810-6DCA404DD545}.Debug|Any CPU.Build.0 = Debug|Any CPU
		{A15F8745-0869-4FFE-A810-6DCA404DD545}.Release|Any CPU.ActiveCfg = Release|Any CPU
		{A15F8745-0869-4FFE-A810-6DCA404DD545}.Release|Any CPU.Build.0 = Release|Any CPU
		{64B07DFC-C623-4594-8AD5-29619BEEB4A6}.Debug|Any CPU.ActiveCfg = Debug|Any CPU
		{64B07DFC-C623-4594-8AD5-29619BEEB4A6}.Debug|Any CPU.Build.0 = Debug|Any CPU
		{64B07DFC-C623-4594-8AD5-29619BEEB4A6}.Release|Any CPU.ActiveCfg = Release|Any CPU
		{64B07DFC-C623-4594-8AD5-29619BEEB4A6}.Release|Any CPU.Build.0 = Release|Any CPU
		{1AF94A5B-68EF-4366-BE49-D7FC82B45947}.Debug|Any CPU.ActiveCfg = Debug|Any CPU
		{1AF94A5B-68EF-4366-BE49-D7FC82B45947}.Debug|Any CPU.Build.0 = Debug|Any CPU
		{1AF94A5B-68EF-4366-BE49-D7FC82B45947}.Release|Any CPU.ActiveCfg = Release|Any CPU
		{1AF94A5B-68EF-4366-BE49-D7FC82B45947}.Release|Any CPU.Build.0 = Release|Any CPU
	EndGlobalSection
	GlobalSection(SolutionProperties) = preSolution
		HideSolutionNode = FALSE
	EndGlobalSection
	GlobalSection(ExtensibilityGlobals) = postSolution
		SolutionGuid = {DD24877B-67D7-4B31-90E1-CC6348CFC174}
	EndGlobalSection
EndGlobal
